
Microsoft Visual Studio Solution File, Format Version 12.00
Project("{FAE04EC0-301F-11D3-BF4B-00C04F79EFBC}") = "PortfolioWeb.Api", "PortfolioWeb.Api\PortfolioWeb.Api.csproj", "{B7D82EA1-1201-4740-8FE4-0A47548FCEE4}"
EndProject
Project("{FAE04EC0-301F-11D3-BF4B-00C04F79EFBC}") = "PortfolioWeb.Domain", "PortfolioWeb.Domain\PortfolioWeb.Domain.csproj", "{3617A1AA-DBAC-452E-B3E7-8A6262A4FB07}"
EndProject
Project("{FAE04EC0-301F-11D3-BF4B-00C04F79EFBC}") = "PortfolioWeb.Infrastructure", "PortfolioWeb.Infrastructure\PortfolioWeb.Infrastructure.csproj", "{2BA80A08-5CCA-4B02-ACAC-6D5A1200B208}"
EndProject
Project("{FAE04EC0-301F-11D3-BF4B-00C04F79EFBC}") = "PortfolioWeb.Application", "PortfolioWeb.Application\PortfolioWeb.Application.csproj", "{3666E294-FF43-4511-9ABB-45A5DE904BCD}"
EndProject
Project("{FAE04EC0-301F-11D3-BF4B-00C04F79EFBC}") = "PortfolioWeb.Domain.Contract", "PortfolioWeb.Domain.Contract\PortfolioWeb.Domain.Contract.csproj", "{E8741F4B-83D8-4958-878E-24B18C17292A}"
EndProject
Project("{FAE04EC0-301F-11D3-BF4B-00C04F79EFBC}") = "PortfolioWeb.Application.Contract", "PortfolioWeb.Application.Contract\PortfolioWeb.Application.Contract.csproj", "{D350BCCA-F58F-4814-B5DD-1A65E8696AE2}"
EndProject
Global
	GlobalSection(SolutionConfigurationPlatforms) = preSolution
		Debug|Any CPU = Debug|Any CPU
		Debug|x64 = Debug|x64
		Debug|x86 = Debug|x86
		Release|Any CPU = Release|Any CPU
		Release|x64 = Release|x64
		Release|x86 = Release|x86
	EndGlobalSection
	GlobalSection(ProjectConfigurationPlatforms) = postSolution
		{B7D82EA1-1201-4740-8FE4-0A47548FCEE4}.Debug|Any CPU.ActiveCfg = Debug|Any CPU
		{B7D82EA1-1201-4740-8FE4-0A47548FCEE4}.Debug|Any CPU.Build.0 = Debug|Any CPU
		{B7D82EA1-1201-4740-8FE4-0A47548FCEE4}.Debug|x64.ActiveCfg = Debug|Any CPU
		{B7D82EA1-1201-4740-8FE4-0A47548FCEE4}.Debug|x64.Build.0 = Debug|Any CPU
		{B7D82EA1-1201-4740-8FE4-0A47548FCEE4}.Debug|x86.ActiveCfg = Debug|Any CPU
		{B7D82EA1-1201-4740-8FE4-0A47548FCEE4}.Debug|x86.Build.0 = Debug|Any CPU
		{B7D82EA1-1201-4740-8FE4-0A47548FCEE4}.Release|Any CPU.ActiveCfg = Release|Any CPU
		{B7D82EA1-1201-4740-8FE4-0A47548FCEE4}.Release|Any CPU.Build.0 = Release|Any CPU
		{B7D82EA1-1201-4740-8FE4-0A47548FCEE4}.Release|x64.ActiveCfg = Release|Any CPU
		{B7D82EA1-1201-4740-8FE4-0A47548FCEE4}.Release|x64.Build.0 = Release|Any CPU
		{B7D82EA1-1201-4740-8FE4-0A47548FCEE4}.Release|x86.ActiveCfg = Release|Any CPU
		{B7D82EA1-1201-4740-8FE4-0A47548FCEE4}.Release|x86.Build.0 = Release|Any CPU
		{3617A1AA-DBAC-452E-B3E7-8A6262A4FB07}.Debug|Any CPU.ActiveCfg = Debug|Any CPU
		{3617A1AA-DBAC-452E-B3E7-8A6262A4FB07}.Debug|Any CPU.Build.0 = Debug|Any CPU
		{3617A1AA-DBAC-452E-B3E7-8A6262A4FB07}.Debug|x64.ActiveCfg = Debug|Any CPU
		{3617A1AA-DBAC-452E-B3E7-8A6262A4FB07}.Debug|x64.Build.0 = Debug|Any CPU
		{3617A1AA-DBAC-452E-B3E7-8A6262A4FB07}.Debug|x86.ActiveCfg = Debug|Any CPU
		{3617A1AA-DBAC-452E-B3E7-8A6262A4FB07}.Debug|x86.Build.0 = Debug|Any CPU
		{3617A1AA-DBAC-452E-B3E7-8A6262A4FB07}.Release|Any CPU.ActiveCfg = Release|Any CPU
		{3617A1AA-DBAC-452E-B3E7-8A6262A4FB07}.Release|Any CPU.Build.0 = Release|Any CPU
		{3617A1AA-DBAC-452E-B3E7-8A6262A4FB07}.Release|x64.ActiveCfg = Release|Any CPU
		{3617A1AA-DBAC-452E-B3E7-8A6262A4FB07}.Release|x64.Build.0 = Release|Any CPU
		{3617A1AA-DBAC-452E-B3E7-8A6262A4FB07}.Release|x86.ActiveCfg = Release|Any CPU
		{3617A1AA-DBAC-452E-B3E7-8A6262A4FB07}.Release|x86.Build.0 = Release|Any CPU
		{2BA80A08-5CCA-4B02-ACAC-6D5A1200B208}.Debug|Any CPU.ActiveCfg = Debug|Any CPU
		{2BA80A08-5CCA-4B02-ACAC-6D5A1200B208}.Debug|Any CPU.Build.0 = Debug|Any CPU
		{2BA80A08-5CCA-4B02-ACAC-6D5A1200B208}.Debug|x64.ActiveCfg = Debug|Any CPU
		{2BA80A08-5CCA-4B02-ACAC-6D5A1200B208}.Debug|x64.Build.0 = Debug|Any CPU
		{2BA80A08-5CCA-4B02-ACAC-6D5A1200B208}.Debug|x86.ActiveCfg = Debug|Any CPU
		{2BA80A08-5CCA-4B02-ACAC-6D5A1200B208}.Debug|x86.Build.0 = Debug|Any CPU
		{2BA80A08-5CCA-4B02-ACAC-6D5A1200B208}.Release|Any CPU.ActiveCfg = Release|Any CPU
		{2BA80A08-5CCA-4B02-ACAC-6D5A1200B208}.Release|Any CPU.Build.0 = Release|Any CPU
		{2BA80A08-5CCA-4B02-ACAC-6D5A1200B208}.Release|x64.ActiveCfg = Release|Any CPU
		{2BA80A08-5CCA-4B02-ACAC-6D5A1200B208}.Release|x64.Build.0 = Release|Any CPU
		{2BA80A08-5CCA-4B02-ACAC-6D5A1200B208}.Release|x86.ActiveCfg = Release|Any CPU
		{2BA80A08-5CCA-4B02-ACAC-6D5A1200B208}.Release|x86.Build.0 = Release|Any CPU
		{3666E294-FF43-4511-9ABB-45A5DE904BCD}.Debug|Any CPU.ActiveCfg = Debug|Any CPU
		{3666E294-FF43-4511-9ABB-45A5DE904BCD}.Debug|Any CPU.Build.0 = Debug|Any CPU
		{3666E294-FF43-4511-9ABB-45A5DE904BCD}.Debug|x64.ActiveCfg = Debug|Any CPU
		{3666E294-FF43-4511-9ABB-45A5DE904BCD}.Debug|x64.Build.0 = Debug|Any CPU
		{3666E294-FF43-4511-9ABB-45A5DE904BCD}.Debug|x86.ActiveCfg = Debug|Any CPU
		{3666E294-FF43-4511-9ABB-45A5DE904BCD}.Debug|x86.Build.0 = Debug|Any CPU
		{3666E294-FF43-4511-9ABB-45A5DE904BCD}.Release|Any CPU.ActiveCfg = Release|Any CPU
		{3666E294-FF43-4511-9ABB-45A5DE904BCD}.Release|Any CPU.Build.0 = Release|Any CPU
		{3666E294-FF43-4511-9ABB-45A5DE904BCD}.Release|x64.ActiveCfg = Release|Any CPU
		{3666E294-FF43-4511-9ABB-45A5DE904BCD}.Release|x64.Build.0 = Release|Any CPU
		{3666E294-FF43-4511-9ABB-45A5DE904BCD}.Release|x86.ActiveCfg = Release|Any CPU
		{3666E294-FF43-4511-9ABB-45A5DE904BCD}.Release|x86.Build.0 = Release|Any CPU
		{E8741F4B-83D8-4958-878E-24B18C17292A}.Debug|Any CPU.ActiveCfg = Debug|Any CPU
		{E8741F4B-83D8-4958-878E-24B18C17292A}.Debug|Any CPU.Build.0 = Debug|Any CPU
		{E8741F4B-83D8-4958-878E-24B18C17292A}.Debug|x64.ActiveCfg = Debug|Any CPU
		{E8741F4B-83D8-4958-878E-24B18C17292A}.Debug|x64.Build.0 = Debug|Any CPU
		{E8741F4B-83D8-4958-878E-24B18C17292A}.Debug|x86.ActiveCfg = Debug|Any CPU
		{E8741F4B-83D8-4958-878E-24B18C17292A}.Debug|x86.Build.0 = Debug|Any CPU
		{E8741F4B-83D8-4958-878E-24B18C17292A}.Release|Any CPU.ActiveCfg = Release|Any CPU
		{E8741F4B-83D8-4958-878E-24B18C17292A}.Release|Any CPU.Build.0 = Release|Any CPU
		{E8741F4B-83D8-4958-878E-24B18C17292A}.Release|x64.ActiveCfg = Release|Any CPU
		{E8741F4B-83D8-4958-878E-24B18C17292A}.Release|x64.Build.0 = Release|Any CPU
		{E8741F4B-83D8-4958-878E-24B18C17292A}.Release|x86.ActiveCfg = Release|Any CPU
		{E8741F4B-83D8-4958-878E-24B18C17292A}.Release|x86.Build.0 = Release|Any CPU
		{D350BCCA-F58F-4814-B5DD-1A65E8696AE2}.Debug|Any CPU.ActiveCfg = Debug|Any CPU
		{D350BCCA-F58F-4814-B5DD-1A65E8696AE2}.Debug|Any CPU.Build.0 = Debug|Any CPU
		{D350BCCA-F58F-4814-B5DD-1A65E8696AE2}.Debug|x64.ActiveCfg = Debug|Any CPU
		{D350BCCA-F58F-4814-B5DD-1A65E8696AE2}.Debug|x64.Build.0 = Debug|Any CPU
		{D350BCCA-F58F-4814-B5DD-1A65E8696AE2}.Debug|x86.ActiveCfg = Debug|Any CPU
		{D350BCCA-F58F-4814-B5DD-1A65E8696AE2}.Debug|x86.Build.0 = Debug|Any CPU
		{D350BCCA-F58F-4814-B5DD-1A65E8696AE2}.Release|Any CPU.ActiveCfg = Release|Any CPU
		{D350BCCA-F58F-4814-B5DD-1A65E8696AE2}.Release|Any CPU.Build.0 = Release|Any CPU
		{D350BCCA-F58F-4814-B5DD-1A65E8696AE2}.Release|x64.ActiveCfg = Release|Any CPU
		{D350BCCA-F58F-4814-B5DD-1A65E8696AE2}.Release|x64.Build.0 = Release|Any CPU
		{D350BCCA-F58F-4814-B5DD-1A65E8696AE2}.Release|x86.ActiveCfg = Release|Any CPU
		{D350BCCA-F58F-4814-B5DD-1A65E8696AE2}.Release|x86.Build.0 = Release|Any CPU
	EndGlobalSection
	GlobalSection(SolutionProperties) = preSolution
		HideSolutionNode = FALSE
	EndGlobalSection
EndGlobal
